# This file is automatically @generated by Cargo.
# It is not intended for manual editing.
version = 4

[[package]]
name = "vyrn-cli"
version = "0.0.0"
dependencies = [
 "vyrn-codegen",
 "vyrn-frontend",
]

[[package]]
name = "vyrn-codegen"
version = "0.0.0"
dependencies = [
 "vyrn-frontend",
]

[[package]]
name = "vyrn-frontend"
version = "0.0.0"
