# This file is automatically @generated by Cargo.
# It is not intended for manual editing.
version = 4

[[package]]
name = "vela-cli"
version = "0.0.0"
dependencies = [
 "vela-codegen",
 "vela-frontend",
]

[[package]]
name = "vela-codegen"
version = "0.0.0"
dependencies = [
 "vela-frontend",
]

[[package]]
name = "vela-frontend"
version = "0.0.0"
